// !$*UTF8*$!
{
	archiveVersion = 1;
	classes = {
	};
	objectVersion = 46;
	objects = {

/* Begin PBXBuildFile section */
		11D392AE1B64203F003356DA /* AppDelegate.swift in Sources */ = {isa = PBXBuildFile; fileRef = 11D392AD1B64203F003356DA /* AppDelegate.swift */; };
		11D392B01B64203F003356DA /* FirstViewController.swift in Sources */ = {isa = PBXBuildFile; fileRef = 11D392AF1B64203F003356DA /* FirstViewController.swift */; };
		11D392B21B64203F003356DA /* SecondViewController.swift in Sources */ = {isa = PBXBuildFile; fileRef = 11D392B11B64203F003356DA /* SecondViewController.swift */; };
		11D392B51B64203F003356DA /* Main.storyboard in Resources */ = {isa = PBXBuildFile; fileRef = 11D392B31B64203F003356DA /* Main.storyboard */; };
		11D392B71B64203F003356DA /* Images.xcassets in Resources */ = {isa = PBXBuildFile; fileRef = 11D392B61B64203F003356DA /* Images.xcassets */; };
		11D392BA1B64203F003356DA /* LaunchScreen.xib in Resources */ = {isa = PBXBuildFile; fileRef = 11D392B81B64203F003356DA /* LaunchScreen.xib */; };
		11D392C61B64203F003356DA /* drankTests.swift in Sources */ = {isa = PBXBuildFile; fileRef = 11D392C51B64203F003356DA /* drankTests.swift */; };
		2AC88AAA1B6434F80009CF4F /* NewCategoryViewController.swift in Sources */ = {isa = PBXBuildFile; fileRef = 2AC88AA91B6434F80009CF4F /* NewCategoryViewController.swift */; };
		2AC88AAC1B6438100009CF4F /* CategoryCollectionViewCell.swift in Sources */ = {isa = PBXBuildFile; fileRef = 2AC88AAB1B6438100009CF4F /* CategoryCollectionViewCell.swift */; };
/* End PBXBuildFile section */

/* Begin PBXContainerItemProxy section */
		11D392C01B64203F003356DA /* PBXContainerItemProxy */ = {
			isa = PBXContainerItemProxy;
			containerPortal = 11D392A01B64203E003356DA /* Project object */;
			proxyType = 1;
			remoteGlobalIDString = 11D392A71B64203F003356DA;
			remoteInfo = drank;
		};
/* End PBXContainerItemProxy section */

/* Begin PBXFileReference section */
		11D392A81B64203F003356DA /* drank.app */ = {isa = PBXFileReference; explicitFileType = wrapper.application; includeInIndex = 0; path = drank.app; sourceTree = BUILT_PRODUCTS_DIR; };
		11D392AC1B64203F003356DA /* Info.plist */ = {isa = PBXFileReference; lastKnownFileType = text.plist.xml; path = Info.plist; sourceTree = "<group>"; };
		11D392AD1B64203F003356DA /* AppDelegate.swift */ = {isa = PBXFileReference; lastKnownFileType = sourcecode.swift; path = AppDelegate.swift; sourceTree = "<group>"; };
		11D392AF1B64203F003356DA /* FirstViewController.swift */ = {isa = PBXFileReference; lastKnownFileType = sourcecode.swift; path = FirstViewController.swift; sourceTree = "<group>"; };
		11D392B11B64203F003356DA /* SecondViewController.swift */ = {isa = PBXFileReference; lastKnownFileType = sourcecode.swift; path = SecondViewController.swift; sourceTree = "<group>"; };
		11D392B41B64203F003356DA /* Base */ = {isa = PBXFileReference; lastKnownFileType = file.storyboard; name = Base; path = Base.lproj/Main.storyboard; sourceTree = "<group>"; };
		11D392B61B64203F003356DA /* Images.xcassets */ = {isa = PBXFileReference; lastKnownFileType = folder.assetcatalog; path = Images.xcassets; sourceTree = "<group>"; };
		11D392B91B64203F003356DA /* Base */ = {isa = PBXFileReference; lastKnownFileType = file.xib; name = Base; path = Base.lproj/LaunchScreen.xib; sourceTree = "<group>"; };
		11D392BF1B64203F003356DA /* drankTests.xctest */ = {isa = PBXFileReference; explicitFileType = wrapper.cfbundle; includeInIndex = 0; path = drankTests.xctest; sourceTree = BUILT_PRODUCTS_DIR; };
		11D392C41B64203F003356DA /* Info.plist */ = {isa = PBXFileReference; lastKnownFileType = text.plist.xml; path = Info.plist; sourceTree = "<group>"; };
		11D392C51B64203F003356DA /* drankTests.swift */ = {isa = PBXFileReference; lastKnownFileType = sourcecode.swift; path = drankTests.swift; sourceTree = "<group>"; };
		2AC88AA91B6434F80009CF4F /* NewCategoryViewController.swift */ = {isa = PBXFileReference; fileEncoding = 4; lastKnownFileType = sourcecode.swift; path = NewCategoryViewController.swift; sourceTree = "<group>"; };
		2AC88AAB1B6438100009CF4F /* CategoryCollectionViewCell.swift */ = {isa = PBXFileReference; fileEncoding = 4; lastKnownFileType = sourcecode.swift; path = CategoryCollectionViewCell.swift; sourceTree = "<group>"; };
/* End PBXFileReference section */

/* Begin PBXFrameworksBuildPhase section */
		11D392A51B64203F003356DA /* Frameworks */ = {
			isa = PBXFrameworksBuildPhase;
			buildActionMask = 2147483647;
			files = (
			);
			runOnlyForDeploymentPostprocessing = 0;
		};
		11D392BC1B64203F003356DA /* Frameworks */ = {
			isa = PBXFrameworksBuildPhase;
			buildActionMask = 2147483647;
			files = (
			);
			runOnlyForDeploymentPostprocessing = 0;
		};
/* End PBXFrameworksBuildPhase section */

/* Begin PBXGroup section */
		11D3929F1B64203E003356DA = {
			isa = PBXGroup;
			children = (
				11D392AA1B64203F003356DA /* drank */,
				11D392C21B64203F003356DA /* drankTests */,
				11D392A91B64203F003356DA /* Products */,
			);
			sourceTree = "<group>";
		};
		11D392A91B64203F003356DA /* Products */ = {
			isa = PBXGroup;
			children = (
				11D392A81B64203F003356DA /* drank.app */,
				11D392BF1B64203F003356DA /* drankTests.xctest */,
			);
			name = Products;
			sourceTree = "<group>";
		};
		11D392AA1B64203F003356DA /* drank */ = {
			isa = PBXGroup;
			children = (
				11D392AD1B64203F003356DA /* AppDelegate.swift */,
				11D392AF1B64203F003356DA /* FirstViewController.swift */,
				2AC88AA91B6434F80009CF4F /* NewCategoryViewController.swift */,
				11D392B11B64203F003356DA /* SecondViewController.swift */,
				11D392B31B64203F003356DA /* Main.storyboard */,
				2AC88AAB1B6438100009CF4F /* CategoryCollectionViewCell.swift */,
				11D392B61B64203F003356DA /* Images.xcassets */,
				11D392B81B64203F003356DA /* LaunchScreen.xib */,
				11D392AB1B64203F003356DA /* Supporting Files */,
			);
			path = drank;
			sourceTree = "<group>";
		};
		11D392AB1B64203F003356DA /* Supporting Files */ = {
			isa = PBXGroup;
			children = (
				11D392AC1B64203F003356DA /* Info.plist */,
			);
			name = "Supporting Files";
			sourceTree = "<group>";
		};
		11D392C21B64203F003356DA /* drankTests */ = {
			isa = PBXGroup;
			children = (
				11D392C51B64203F003356DA /* drankTests.swift */,
				11D392C31B64203F003356DA /* Supporting Files */,
			);
			path = drankTests;
			sourceTree = "<group>";
		};
		11D392C31B64203F003356DA /* Supporting Files */ = {
			isa = PBXGroup;
			children = (
				11D392C41B64203F003356DA /* Info.plist */,
			);
			name = "Supporting Files";
			sourceTree = "<group>";
		};
/* End PBXGroup section */

/* Begin PBXNativeTarget section */
		11D392A71B64203F003356DA /* drank */ = {
			isa = PBXNativeTarget;
			buildConfigurationList = 11D392C91B64203F003356DA /* Build configuration list for PBXNativeTarget "drank" */;
			buildPhases = (
				11D392A41B64203F003356DA /* Sources */,
				11D392A51B64203F003356DA /* Frameworks */,
				11D392A61B64203F003356DA /* Resources */,
			);
			buildRules = (
			);
			dependencies = (
			);
			name = drank;
			productName = drank;
			productReference = 11D392A81B64203F003356DA /* drank.app */;
			productType = "com.apple.product-type.application";
		};
		11D392BE1B64203F003356DA /* drankTests */ = {
			isa = PBXNativeTarget;
			buildConfigurationList = 11D392CC1B64203F003356DA /* Build configuration list for PBXNativeTarget "drankTests" */;
			buildPhases = (
				11D392BB1B64203F003356DA /* Sources */,
				11D392BC1B64203F003356DA /* Frameworks */,
				11D392BD1B64203F003356DA /* Resources */,
			);
			buildRules = (
			);
			dependencies = (
				11D392C11B64203F003356DA /* PBXTargetDependency */,
			);
			name = drankTests;
			productName = drankTests;
			productReference = 11D392BF1B64203F003356DA /* drankTests.xctest */;
			productType = "com.apple.product-type.bundle.unit-test";
		};
/* End PBXNativeTarget section */

/* Begin PBXProject section */
		11D392A01B64203E003356DA /* Project object */ = {
			isa = PBXProject;
			attributes = {
				LastSwiftUpdateCheck = 0700;
				LastUpgradeCheck = 0640;
				ORGANIZATIONNAME = Xtern;
				TargetAttributes = {
					11D392A71B64203F003356DA = {
						CreatedOnToolsVersion = 6.4;
						DevelopmentTeam = 9C9LVX9RE8;
					};
					11D392BE1B64203F003356DA = {
						CreatedOnToolsVersion = 6.4;
						TestTargetID = 11D392A71B64203F003356DA;
					};
				};
			};
			buildConfigurationList = 11D392A31B64203F003356DA /* Build configuration list for PBXProject "drank" */;
			compatibilityVersion = "Xcode 3.2";
			developmentRegion = English;
			hasScannedForEncodings = 0;
			knownRegions = (
				en,
				Base,
			);
			mainGroup = 11D3929F1B64203E003356DA;
			productRefGroup = 11D392A91B64203F003356DA /* Products */;
			projectDirPath = "";
			projectRoot = "";
			targets = (
				11D392A71B64203F003356DA /* drank */,
				11D392BE1B64203F003356DA /* drankTests */,
			);
		};
/* End PBXProject section */

/* Begin PBXResourcesBuildPhase section */
		11D392A61B64203F003356DA /* Resources */ = {
			isa = PBXResourcesBuildPhase;
			buildActionMask = 2147483647;
			files = (
				11D392B51B64203F003356DA /* Main.storyboard in Resources */,
				11D392BA1B64203F003356DA /* LaunchScreen.xib in Resources */,
				11D392B71B64203F003356DA /* Images.xcassets in Resources */,
			);
			runOnlyForDeploymentPostprocessing = 0;
		};
		11D392BD1B64203F003356DA /* Resources */ = {
			isa = PBXResourcesBuildPhase;
			buildActionMask = 2147483647;
			files = (
			);
			runOnlyForDeploymentPostprocessing = 0;
		};
/* End PBXResourcesBuildPhase section */

/* Begin PBXSourcesBuildPhase section */
		11D392A41B64203F003356DA /* Sources */ = {
			isa = PBXSourcesBuildPhase;
			buildActionMask = 2147483647;
			files = (
				11D392B21B64203F003356DA /* SecondViewController.swift in Sources */,
				2AC88AAC1B6438100009CF4F /* CategoryCollectionViewCell.swift in Sources */,
				2AC88AAA1B6434F80009CF4F /* NewCategoryViewController.swift in Sources */,
				11D392AE1B64203F003356DA /* AppDelegate.swift in Sources */,
				11D392B01B64203F003356DA /* FirstViewController.swift in Sources */,
			);
			runOnlyForDeploymentPostprocessing = 0;
		};
		11D392BB1B64203F003356DA /* Sources */ = {
			isa = PBXSourcesBuildPhase;
			buildActionMask = 2147483647;
			files = (
				11D392C61B64203F003356DA /* drankTests.swift in Sources */,
			);
			runOnlyForDeploymentPostprocessing = 0;
		};
/* End PBXSourcesBuildPhase section */

/* Begin PBXTargetDependency section */
		11D392C11B64203F003356DA /* PBXTargetDependency */ = {
			isa = PBXTargetDependency;
			target = 11D392A71B64203F003356DA /* drank */;
			targetProxy = 11D392C01B64203F003356DA /* PBXContainerItemProxy */;
		};
/* End PBXTargetDependency section */

/* Begin PBXVariantGroup section */
		11D392B31B64203F003356DA /* Main.storyboard */ = {
			isa = PBXVariantGroup;
			children = (
				11D392B41B64203F003356DA /* Base */,
			);
			name = Main.storyboard;
			sourceTree = "<group>";
		};
		11D392B81B64203F003356DA /* LaunchScreen.xib */ = {
			isa = PBXVariantGroup;
			children = (
				11D392B91B64203F003356DA /* Base */,
			);
			name = LaunchScreen.xib;
			sourceTree = "<group>";
		};
/* End PBXVariantGroup section */

/* Begin XCBuildConfiguration section */
		11D392C71B64203F003356DA /* Debug */ = {
			isa = XCBuildConfiguration;
			buildSettings = {
				ALWAYS_SEARCH_USER_PATHS = NO;
				CLANG_CXX_LANGUAGE_STANDARD = "gnu++0x";
				CLANG_CXX_LIBRARY = "libc++";
				CLANG_ENABLE_MODULES = YES;
				CLANG_ENABLE_OBJC_ARC = YES;
				CLANG_WARN_BOOL_CONVERSION = YES;
				CLANG_WARN_CONSTANT_CONVERSION = YES;
				CLANG_WARN_DIRECT_OBJC_ISA_USAGE = YES_ERROR;
				CLANG_WARN_EMPTY_BODY = YES;
				CLANG_WARN_ENUM_CONVERSION = YES;
				CLANG_WARN_INT_CONVERSION = YES;
				CLANG_WARN_OBJC_ROOT_CLASS = YES_ERROR;
				CLANG_WARN_UNREACHABLE_CODE = YES;
				CLANG_WARN__DUPLICATE_METHOD_MATCH = YES;
				"CODE_SIGN_IDENTITY[sdk=iphoneos*]" = "iPhone Developer";
				COPY_PHASE_STRIP = NO;
				DEBUG_INFORMATION_FORMAT = "dwarf-with-dsym";
				ENABLE_STRICT_OBJC_MSGSEND = YES;
				GCC_C_LANGUAGE_STANDARD = gnu99;
				GCC_DYNAMIC_NO_PIC = NO;
				GCC_NO_COMMON_BLOCKS = YES;
				GCC_OPTIMIZATION_LEVEL = 0;
				GCC_PREPROCESSOR_DEFINITIONS = (
					"DEBUG=1",
					"$(inherited)",
				);
				GCC_SYMBOLS_PRIVATE_EXTERN = NO;
				GCC_WARN_64_TO_32_BIT_CONVERSION = YES;
				GCC_WARN_ABOUT_RETURN_TYPE = YES_ERROR;
				GCC_WARN_UNDECLARED_SELECTOR = YES;
				GCC_WARN_UNINITIALIZED_AUTOS = YES_AGGRESSIVE;
				GCC_WARN_UNUSED_FUNCTION = YES;
				GCC_WARN_UNUSED_VARIABLE = YES;
				IPHONEOS_DEPLOYMENT_TARGET = 8.4;
				MTL_ENABLE_DEBUG_INFO = YES;
				ONLY_ACTIVE_ARCH = YES;
				SDKROOT = iphoneos;
				SWIFT_OPTIMIZATION_LEVEL = "-Onone";
				TARGETED_DEVICE_FAMILY = "1,2";
			};
			name = Debug;
		};
		11D392C81B64203F003356DA /* Release */ = {
			isa = XCBuildConfiguration;
			buildSettings = {
				ALWAYS_SEARCH_USER_PATHS = NO;
				CLANG_CXX_LANGUAGE_STANDARD = "gnu++0x";
				CLANG_CXX_LIBRARY = "libc++";
				CLANG_ENABLE_MODULES = YES;
				CLANG_ENABLE_OBJC_ARC = YES;
				CLANG_WARN_BOOL_CONVERSION = YES;
				CLANG_WARN_CONSTANT_CONVERSION = YES;
				CLANG_WARN_DIRECT_OBJC_ISA_USAGE = YES_ERROR;
				CLANG_WARN_EMPTY_BODY = YES;
				CLANG_WARN_ENUM_CONVERSION = YES;
				CLANG_WARN_INT_CONVERSION = YES;
				CLANG_WARN_OBJC_ROOT_CLASS = YES_ERROR;
				CLANG_WARN_UNREACHABLE_CODE = YES;
				CLANG_WARN__DUPLICATE_METHOD_MATCH = YES;
				"CODE_SIGN_IDENTITY[sdk=iphoneos*]" = "iPhone Developer";
				COPY_PHASE_STRIP = NO;
				DEBUG_INFORMATION_FORMAT = "dwarf-with-dsym";
				ENABLE_NS_ASSERTIONS = NO;
				ENABLE_STRICT_OBJC_MSGSEND = YES;
				GCC_C_LANGUAGE_STANDARD = gnu99;
				GCC_NO_COMMON_BLOCKS = YES;
				GCC_WARN_64_TO_32_BIT_CONVERSION = YES;
				GCC_WARN_ABOUT_RETURN_TYPE = YES_ERROR;
				GCC_WARN_UNDECLARED_SELECTOR = YES;
				GCC_WARN_UNINITIALIZED_AUTOS = YES_AGGRESSIVE;
				GCC_WARN_UNUSED_FUNCTION = YES;
				GCC_WARN_UNUSED_VARIABLE = YES;
				IPHONEOS_DEPLOYMENT_TARGET = 8.4;
				MTL_ENABLE_DEBUG_INFO = NO;
				SDKROOT = iphoneos;
				TARGETED_DEVICE_FAMILY = "1,2";
				VALIDATE_PRODUCT = YES;
			};
			name = Release;
		};
		11D392CA1B64203F003356DA /* Debug */ = {
			isa = XCBuildConfiguration;
			buildSettings = {
				ASSETCATALOG_COMPILER_APPICON_NAME = AppIcon;
				CODE_SIGN_IDENTITY = "iPhone Developer";
				"CODE_SIGN_IDENTITY[sdk=iphoneos*]" = "iPhone Developer";
				INFOPLIST_FILE = drank/Info.plist;
				IPHONEOS_DEPLOYMENT_TARGET = 8.1;
				LD_RUNPATH_SEARCH_PATHS = "$(inherited) @executable_path/Frameworks";
				PRODUCT_NAME = "$(TARGET_NAME)";
				PROVISIONING_PROFILE = "";
				TARGETED_DEVICE_FAMILY = "1,2";
			};
			name = Debug;
		};
		11D392CB1B64203F003356DA /* Release */ = {
			isa = XCBuildConfiguration;
			buildSettings = {
				ASSETCATALOG_COMPILER_APPICON_NAME = AppIcon;
				CODE_SIGN_IDENTITY = "iPhone Developer";
				"CODE_SIGN_IDENTITY[sdk=iphoneos*]" = "iPhone Developer";
				INFOPLIST_FILE = drank/Info.plist;
				IPHONEOS_DEPLOYMENT_TARGET = 8.1;
				LD_RUNPATH_SEARCH_PATHS = "$(inherited) @executable_path/Frameworks";
				PRODUCT_NAME = "$(TARGET_NAME)";
				PROVISIONING_PROFILE = "";
				TARGETED_DEVICE_FAMILY = "1,2";
			};
			name = Release;
		};
		11D392CD1B64203F003356DA /* Debug */ = {
			isa = XCBuildConfiguration;
			buildSettings = {
				BUNDLE_LOADER = "$(TEST_HOST)";
				FRAMEWORK_SEARCH_PATHS = (
					"$(SDKROOT)/Developer/Library/Frameworks",
					"$(inherited)",
				);
				GCC_PREPROCESSOR_DEFINITIONS = (
					"DEBUG=1",
					"$(inherited)",
				);
				INFOPLIST_FILE = drankTests/Info.plist;
				LD_RUNPATH_SEARCH_PATHS = "$(inherited) @executable_path/Frameworks @loader_path/Frameworks";
				PRODUCT_NAME = "$(TARGET_NAME)";
				TEST_HOST = "$(BUILT_PRODUCTS_DIR)/drank.app/drank";
			};
			name = Debug;
		};
		11D392CE1B64203F003356DA /* Release */ = {
			isa = XCBuildConfiguration;
			buildSettings = {
				BUNDLE_LOADER = "$(TEST_HOST)";
				FRAMEWORK_SEARCH_PATHS = (
					"$(SDKROOT)/Developer/Library/Frameworks",
					"$(inherited)",
				);
				INFOPLIST_FILE = drankTests/Info.plist;
				LD_RUNPATH_SEARCH_PATHS = "$(inherited) @executable_path/Frameworks @loader_path/Frameworks";
				PRODUCT_NAME = "$(TARGET_NAME)";
				TEST_HOST = "$(BUILT_PRODUCTS_DIR)/drank.app/drank";
			};
			name = Release;
		};
/* End XCBuildConfiguration section */

/* Begin XCConfigurationList section */
		11D392A31B64203F003356DA /* Build configuration list for PBXProject "drank" */ = {
			isa = XCConfigurationList;
			buildConfigurations = (
				11D392C71B64203F003356DA /* Debug */,
				11D392C81B64203F003356DA /* Release */,
			);
			defaultConfigurationIsVisible = 0;
			defaultConfigurationName = Release;
		};
		11D392C91B64203F003356DA /* Build configuration list for PBXNativeTarget "drank" */ = {
			isa = XCConfigurationList;
			buildConfigurations = (
				11D392CA1B64203F003356DA /* Debug */,
				11D392CB1B64203F003356DA /* Release */,
			);
			defaultConfigurationIsVisible = 0;
			defaultConfigurationName = Release;
		};
		11D392CC1B64203F003356DA /* Build configuration list for PBXNativeTarget "drankTests" */ = {
			isa = XCConfigurationList;
			buildConfigurations = (
				11D392CD1B64203F003356DA /* Debug */,
				11D392CE1B64203F003356DA /* Release */,
			);
			defaultConfigurationIsVisible = 0;
			defaultConfigurationName = Release;
		};
/* End XCConfigurationList section */
	};
	rootObject = 11D392A01B64203E003356DA /* Project object */;
}
