// !$*UTF8*$!
{
	archiveVersion = 1;
	classes = {
	};
	objectVersion = 46;
	objects = {

/* Begin PBXBuildFile section */
		2AAB3E671B63F4F700884596 /* AppDelegate.swift in Sources */ = {isa = PBXBuildFile; fileRef = 2AAB3E661B63F4F700884596 /* AppDelegate.swift */; };
		2AAB3E691B63F4F700884596 /* FirstViewController.swift in Sources */ = {isa = PBXBuildFile; fileRef = 2AAB3E681B63F4F700884596 /* FirstViewController.swift */; };
		2AAB3E6B1B63F4F700884596 /* SecondViewController.swift in Sources */ = {isa = PBXBuildFile; fileRef = 2AAB3E6A1B63F4F700884596 /* SecondViewController.swift */; };
		2AAB3E6E1B63F4F700884596 /* Main.storyboard in Resources */ = {isa = PBXBuildFile; fileRef = 2AAB3E6C1B63F4F700884596 /* Main.storyboard */; };
		2AAB3E701B63F4F700884596 /* Assets.xcassets in Resources */ = {isa = PBXBuildFile; fileRef = 2AAB3E6F1B63F4F700884596 /* Assets.xcassets */; };
		2AAB3E731B63F4F700884596 /* LaunchScreen.storyboard in Resources */ = {isa = PBXBuildFile; fileRef = 2AAB3E711B63F4F700884596 /* LaunchScreen.storyboard */; };
		2AAB3E7E1B63F4F800884596 /* drankTests.swift in Sources */ = {isa = PBXBuildFile; fileRef = 2AAB3E7D1B63F4F800884596 /* drankTests.swift */; };
		2AAB3E891B63F4F800884596 /* drankUITests.swift in Sources */ = {isa = PBXBuildFile; fileRef = 2AAB3E881B63F4F800884596 /* drankUITests.swift */; };
		D7A3E8F61B64061000624E30 /* imageAssets in Resources */ = {isa = PBXBuildFile; fileRef = D7A3E8F51B64061000624E30 /* imageAssets */; };
		D7A3E8F81B6406CB00624E30 /* default~iphone.png in Resources */ = {isa = PBXBuildFile; fileRef = D7A3E8F71B6406CB00624E30 /* default~iphone.png */; };
/* End PBXBuildFile section */

/* Begin PBXContainerItemProxy section */
		2AAB3E7A1B63F4F800884596 /* PBXContainerItemProxy */ = {
			isa = PBXContainerItemProxy;
			containerPortal = 2AAB3E5B1B63F4F700884596 /* Project object */;
			proxyType = 1;
			remoteGlobalIDString = 2AAB3E621B63F4F700884596;
			remoteInfo = drank;
		};
		2AAB3E851B63F4F800884596 /* PBXContainerItemProxy */ = {
			isa = PBXContainerItemProxy;
			containerPortal = 2AAB3E5B1B63F4F700884596 /* Project object */;
			proxyType = 1;
			remoteGlobalIDString = 2AAB3E621B63F4F700884596;
			remoteInfo = drank;
		};
/* End PBXContainerItemProxy section */

/* Begin PBXFileReference section */
		2AAB3E631B63F4F700884596 /* drank.app */ = {isa = PBXFileReference; explicitFileType = wrapper.application; includeInIndex = 0; path = drank.app; sourceTree = BUILT_PRODUCTS_DIR; };
		2AAB3E661B63F4F700884596 /* AppDelegate.swift */ = {isa = PBXFileReference; lastKnownFileType = sourcecode.swift; path = AppDelegate.swift; sourceTree = "<group>"; };
		2AAB3E681B63F4F700884596 /* FirstViewController.swift */ = {isa = PBXFileReference; lastKnownFileType = sourcecode.swift; path = FirstViewController.swift; sourceTree = "<group>"; };
		2AAB3E6A1B63F4F700884596 /* SecondViewController.swift */ = {isa = PBXFileReference; lastKnownFileType = sourcecode.swift; path = SecondViewController.swift; sourceTree = "<group>"; };
		2AAB3E6D1B63F4F700884596 /* Base */ = {isa = PBXFileReference; lastKnownFileType = file.storyboard; name = Base; path = Base.lproj/Main.storyboard; sourceTree = "<group>"; };
		2AAB3E6F1B63F4F700884596 /* Assets.xcassets */ = {isa = PBXFileReference; lastKnownFileType = folder.assetcatalog; path = Assets.xcassets; sourceTree = "<group>"; };
		2AAB3E721B63F4F700884596 /* Base */ = {isa = PBXFileReference; lastKnownFileType = file.storyboard; name = Base; path = Base.lproj/LaunchScreen.storyboard; sourceTree = "<group>"; };
		2AAB3E741B63F4F700884596 /* Info.plist */ = {isa = PBXFileReference; lastKnownFileType = text.plist.xml; path = Info.plist; sourceTree = "<group>"; };
		2AAB3E791B63F4F800884596 /* drankTests.xctest */ = {isa = PBXFileReference; explicitFileType = wrapper.cfbundle; includeInIndex = 0; path = drankTests.xctest; sourceTree = BUILT_PRODUCTS_DIR; };
		2AAB3E7D1B63F4F800884596 /* drankTests.swift */ = {isa = PBXFileReference; lastKnownFileType = sourcecode.swift; path = drankTests.swift; sourceTree = "<group>"; };
		2AAB3E7F1B63F4F800884596 /* Info.plist */ = {isa = PBXFileReference; lastKnownFileType = text.plist.xml; path = Info.plist; sourceTree = "<group>"; };
		2AAB3E841B63F4F800884596 /* drankUITests.xctest */ = {isa = PBXFileReference; explicitFileType = wrapper.cfbundle; includeInIndex = 0; path = drankUITests.xctest; sourceTree = BUILT_PRODUCTS_DIR; };
		2AAB3E881B63F4F800884596 /* drankUITests.swift */ = {isa = PBXFileReference; lastKnownFileType = sourcecode.swift; path = drankUITests.swift; sourceTree = "<group>"; };
		2AAB3E8A1B63F4F800884596 /* Info.plist */ = {isa = PBXFileReference; lastKnownFileType = text.plist.xml; path = Info.plist; sourceTree = "<group>"; };
		D7A3E8F51B64061000624E30 /* imageAssets */ = {isa = PBXFileReference; lastKnownFileType = folder; path = imageAssets; sourceTree = "<group>"; };
		D7A3E8F71B6406CB00624E30 /* default~iphone.png */ = {isa = PBXFileReference; lastKnownFileType = image.png; name = "default~iphone.png"; path = "../../Full Version 1/NIOSH RWL/NIOSH RWL/AppImages/default~iphone.png"; sourceTree = "<group>"; };
/* End PBXFileReference section */

/* Begin PBXFrameworksBuildPhase section */
		2AAB3E601B63F4F700884596 /* Frameworks */ = {
			isa = PBXFrameworksBuildPhase;
			buildActionMask = 2147483647;
			files = (
			);
			runOnlyForDeploymentPostprocessing = 0;
		};
		2AAB3E761B63F4F800884596 /* Frameworks */ = {
			isa = PBXFrameworksBuildPhase;
			buildActionMask = 2147483647;
			files = (
			);
			runOnlyForDeploymentPostprocessing = 0;
		};
		2AAB3E811B63F4F800884596 /* Frameworks */ = {
			isa = PBXFrameworksBuildPhase;
			buildActionMask = 2147483647;
			files = (
			);
			runOnlyForDeploymentPostprocessing = 0;
		};
/* End PBXFrameworksBuildPhase section */

/* Begin PBXGroup section */
		2AAB3E5A1B63F4F700884596 = {
			isa = PBXGroup;
			children = (
				D7A3E8F71B6406CB00624E30 /* default~iphone.png */,
				2AAB3E651B63F4F700884596 /* drank */,
				2AAB3E7C1B63F4F800884596 /* drankTests */,
				2AAB3E871B63F4F800884596 /* drankUITests */,
				2AAB3E641B63F4F700884596 /* Products */,
			);
			sourceTree = "<group>";
		};
		2AAB3E641B63F4F700884596 /* Products */ = {
			isa = PBXGroup;
			children = (
				2AAB3E631B63F4F700884596 /* drank.app */,
				2AAB3E791B63F4F800884596 /* drankTests.xctest */,
				2AAB3E841B63F4F800884596 /* drankUITests.xctest */,
			);
			name = Products;
			sourceTree = "<group>";
		};
		2AAB3E651B63F4F700884596 /* drank */ = {
			isa = PBXGroup;
			children = (
				D7A3E8F51B64061000624E30 /* imageAssets */,
				2AAB3E661B63F4F700884596 /* AppDelegate.swift */,
				2AAB3E681B63F4F700884596 /* FirstViewController.swift */,
				2AAB3E6A1B63F4F700884596 /* SecondViewController.swift */,
				2AAB3E6C1B63F4F700884596 /* Main.storyboard */,
				2AAB3E6F1B63F4F700884596 /* Assets.xcassets */,
				2AAB3E711B63F4F700884596 /* LaunchScreen.storyboard */,
				2AAB3E741B63F4F700884596 /* Info.plist */,
			);
			path = drank;
			sourceTree = "<group>";
		};
		2AAB3E7C1B63F4F800884596 /* drankTests */ = {
			isa = PBXGroup;
			children = (
				2AAB3E7D1B63F4F800884596 /* drankTests.swift */,
				2AAB3E7F1B63F4F800884596 /* Info.plist */,
			);
			path = drankTests;
			sourceTree = "<group>";
		};
		2AAB3E871B63F4F800884596 /* drankUITests */ = {
			isa = PBXGroup;
			children = (
				2AAB3E881B63F4F800884596 /* drankUITests.swift */,
				2AAB3E8A1B63F4F800884596 /* Info.plist */,
			);
			path = drankUITests;
			sourceTree = "<group>";
		};
/* End PBXGroup section */

/* Begin PBXNativeTarget section */
		2AAB3E621B63F4F700884596 /* drank */ = {
			isa = PBXNativeTarget;
			buildConfigurationList = 2AAB3E8D1B63F4F800884596 /* Build configuration list for PBXNativeTarget "drank" */;
			buildPhases = (
				2AAB3E5F1B63F4F700884596 /* Sources */,
				2AAB3E601B63F4F700884596 /* Frameworks */,
				2AAB3E611B63F4F700884596 /* Resources */,
			);
			buildRules = (
			);
			dependencies = (
			);
			name = drank;
			productName = drank;
			productReference = 2AAB3E631B63F4F700884596 /* drank.app */;
			productType = "com.apple.product-type.application";
		};
		2AAB3E781B63F4F800884596 /* drankTests */ = {
			isa = PBXNativeTarget;
			buildConfigurationList = 2AAB3E901B63F4F800884596 /* Build configuration list for PBXNativeTarget "drankTests" */;
			buildPhases = (
				2AAB3E751B63F4F800884596 /* Sources */,
				2AAB3E761B63F4F800884596 /* Frameworks */,
				2AAB3E771B63F4F800884596 /* Resources */,
			);
			buildRules = (
			);
			dependencies = (
				2AAB3E7B1B63F4F800884596 /* PBXTargetDependency */,
			);
			name = drankTests;
			productName = drankTests;
			productReference = 2AAB3E791B63F4F800884596 /* drankTests.xctest */;
			productType = "com.apple.product-type.bundle.unit-test";
		};
		2AAB3E831B63F4F800884596 /* drankUITests */ = {
			isa = PBXNativeTarget;
			buildConfigurationList = 2AAB3E931B63F4F800884596 /* Build configuration list for PBXNativeTarget "drankUITests" */;
			buildPhases = (
				2AAB3E801B63F4F800884596 /* Sources */,
				2AAB3E811B63F4F800884596 /* Frameworks */,
				2AAB3E821B63F4F800884596 /* Resources */,
			);
			buildRules = (
			);
			dependencies = (
				2AAB3E861B63F4F800884596 /* PBXTargetDependency */,
			);
			name = drankUITests;
			productName = drankUITests;
			productReference = 2AAB3E841B63F4F800884596 /* drankUITests.xctest */;
			productType = "com.apple.product-type.bundle.ui-testing";
		};
/* End PBXNativeTarget section */

/* Begin PBXProject section */
		2AAB3E5B1B63F4F700884596 /* Project object */ = {
			isa = PBXProject;
			attributes = {
				LastUpgradeCheck = 0700;
				ORGANIZATIONNAME = xtern;
				TargetAttributes = {
					2AAB3E621B63F4F700884596 = {
						CreatedOnToolsVersion = 7.0;
					};
					2AAB3E781B63F4F800884596 = {
						CreatedOnToolsVersion = 7.0;
						TestTargetID = 2AAB3E621B63F4F700884596;
					};
					2AAB3E831B63F4F800884596 = {
						CreatedOnToolsVersion = 7.0;
						TestTargetID = 2AAB3E621B63F4F700884596;
					};
				};
			};
			buildConfigurationList = 2AAB3E5E1B63F4F700884596 /* Build configuration list for PBXProject "drank" */;
			compatibilityVersion = "Xcode 3.2";
			developmentRegion = English;
			hasScannedForEncodings = 0;
			knownRegions = (
				en,
				Base,
			);
			mainGroup = 2AAB3E5A1B63F4F700884596;
			productRefGroup = 2AAB3E641B63F4F700884596 /* Products */;
			projectDirPath = "";
			projectRoot = "";
			targets = (
				2AAB3E621B63F4F700884596 /* drank */,
				2AAB3E781B63F4F800884596 /* drankTests */,
				2AAB3E831B63F4F800884596 /* drankUITests */,
			);
		};
/* End PBXProject section */

/* Begin PBXResourcesBuildPhase section */
		2AAB3E611B63F4F700884596 /* Resources */ = {
			isa = PBXResourcesBuildPhase;
			buildActionMask = 2147483647;
			files = (
				2AAB3E731B63F4F700884596 /* LaunchScreen.storyboard in Resources */,
				D7A3E8F61B64061000624E30 /* imageAssets in Resources */,
				2AAB3E701B63F4F700884596 /* Assets.xcassets in Resources */,
				D7A3E8F81B6406CB00624E30 /* default~iphone.png in Resources */,
				2AAB3E6E1B63F4F700884596 /* Main.storyboard in Resources */,
			);
			runOnlyForDeploymentPostprocessing = 0;
		};
		2AAB3E771B63F4F800884596 /* Resources */ = {
			isa = PBXResourcesBuildPhase;
			buildActionMask = 2147483647;
			files = (
			);
			runOnlyForDeploymentPostprocessing = 0;
		};
		2AAB3E821B63F4F800884596 /* Resources */ = {
			isa = PBXResourcesBuildPhase;
			buildActionMask = 2147483647;
			files = (
			);
			runOnlyForDeploymentPostprocessing = 0;
		};
/* End PBXResourcesBuildPhase section */

/* Begin PBXSourcesBuildPhase section */
		2AAB3E5F1B63F4F700884596 /* Sources */ = {
			isa = PBXSourcesBuildPhase;
			buildActionMask = 2147483647;
			files = (
				2AAB3E6B1B63F4F700884596 /* SecondViewController.swift in Sources */,
				2AAB3E671B63F4F700884596 /* AppDelegate.swift in Sources */,
				2AAB3E691B63F4F700884596 /* FirstViewController.swift in Sources */,
			);
			runOnlyForDeploymentPostprocessing = 0;
		};
		2AAB3E751B63F4F800884596 /* Sources */ = {
			isa = PBXSourcesBuildPhase;
			buildActionMask = 2147483647;
			files = (
				2AAB3E7E1B63F4F800884596 /* drankTests.swift in Sources */,
			);
			runOnlyForDeploymentPostprocessing = 0;
		};
		2AAB3E801B63F4F800884596 /* Sources */ = {
			isa = PBXSourcesBuildPhase;
			buildActionMask = 2147483647;
			files = (
				2AAB3E891B63F4F800884596 /* drankUITests.swift in Sources */,
			);
			runOnlyForDeploymentPostprocessing = 0;
		};
/* End PBXSourcesBuildPhase section */

/* Begin PBXTargetDependency section */
		2AAB3E7B1B63F4F800884596 /* PBXTargetDependency */ = {
			isa = PBXTargetDependency;
			target = 2AAB3E621B63F4F700884596 /* drank */;
			targetProxy = 2AAB3E7A1B63F4F800884596 /* PBXContainerItemProxy */;
		};
		2AAB3E861B63F4F800884596 /* PBXTargetDependency */ = {
			isa = PBXTargetDependency;
			target = 2AAB3E621B63F4F700884596 /* drank */;
			targetProxy = 2AAB3E851B63F4F800884596 /* PBXContainerItemProxy */;
		};
/* End PBXTargetDependency section */

/* Begin PBXVariantGroup section */
		2AAB3E6C1B63F4F700884596 /* Main.storyboard */ = {
			isa = PBXVariantGroup;
			children = (
				2AAB3E6D1B63F4F700884596 /* Base */,
			);
			name = Main.storyboard;
			sourceTree = "<group>";
		};
		2AAB3E711B63F4F700884596 /* LaunchScreen.storyboard */ = {
			isa = PBXVariantGroup;
			children = (
				2AAB3E721B63F4F700884596 /* Base */,
			);
			name = LaunchScreen.storyboard;
			sourceTree = "<group>";
		};
/* End PBXVariantGroup section */

/* Begin XCBuildConfiguration section */
		2AAB3E8B1B63F4F800884596 /* Debug */ = {
			isa = XCBuildConfiguration;
			buildSettings = {
				ALWAYS_SEARCH_USER_PATHS = NO;
				CLANG_CXX_LANGUAGE_STANDARD = "gnu++0x";
				CLANG_CXX_LIBRARY = "libc++";
				CLANG_ENABLE_MODULES = YES;
				CLANG_ENABLE_OBJC_ARC = YES;
				CLANG_WARN_BOOL_CONVERSION = YES;
				CLANG_WARN_CONSTANT_CONVERSION = YES;
				CLANG_WARN_DIRECT_OBJC_ISA_USAGE = YES_ERROR;
				CLANG_WARN_EMPTY_BODY = YES;
				CLANG_WARN_ENUM_CONVERSION = YES;
				CLANG_WARN_INT_CONVERSION = YES;
				CLANG_WARN_OBJC_ROOT_CLASS = YES_ERROR;
				CLANG_WARN_UNREACHABLE_CODE = YES;
				CLANG_WARN__DUPLICATE_METHOD_MATCH = YES;
				"CODE_SIGN_IDENTITY[sdk=iphoneos*]" = "iPhone Developer";
				COPY_PHASE_STRIP = NO;
				DEBUG_INFORMATION_FORMAT = dwarf;
				ENABLE_STRICT_OBJC_MSGSEND = YES;
				ENABLE_TESTABILITY = YES;
				GCC_C_LANGUAGE_STANDARD = gnu99;
				GCC_DYNAMIC_NO_PIC = NO;
				GCC_NO_COMMON_BLOCKS = YES;
				GCC_OPTIMIZATION_LEVEL = 0;
				GCC_PREPROCESSOR_DEFINITIONS = (
					"DEBUG=1",
					"$(inherited)",
				);
				GCC_WARN_64_TO_32_BIT_CONVERSION = YES;
				GCC_WARN_ABOUT_RETURN_TYPE = YES_ERROR;
				GCC_WARN_UNDECLARED_SELECTOR = YES;
				GCC_WARN_UNINITIALIZED_AUTOS = YES_AGGRESSIVE;
				GCC_WARN_UNUSED_FUNCTION = YES;
				GCC_WARN_UNUSED_VARIABLE = YES;
				IPHONEOS_DEPLOYMENT_TARGET = 9.0;
				MTL_ENABLE_DEBUG_INFO = YES;
				ONLY_ACTIVE_ARCH = YES;
				SDKROOT = iphoneos;
				SWIFT_OPTIMIZATION_LEVEL = "-Onone";
				TARGETED_DEVICE_FAMILY = "1,2";
			};
			name = Debug;
		};
		2AAB3E8C1B63F4F800884596 /* Release */ = {
			isa = XCBuildConfiguration;
			buildSettings = {
				ALWAYS_SEARCH_USER_PATHS = NO;
				CLANG_CXX_LANGUAGE_STANDARD = "gnu++0x";
				CLANG_CXX_LIBRARY = "libc++";
				CLANG_ENABLE_MODULES = YES;
				CLANG_ENABLE_OBJC_ARC = YES;
				CLANG_WARN_BOOL_CONVERSION = YES;
				CLANG_WARN_CONSTANT_CONVERSION = YES;
				CLANG_WARN_DIRECT_OBJC_ISA_USAGE = YES_ERROR;
				CLANG_WARN_EMPTY_BODY = YES;
				CLANG_WARN_ENUM_CONVERSION = YES;
				CLANG_WARN_INT_CONVERSION = YES;
				CLANG_WARN_OBJC_ROOT_CLASS = YES_ERROR;
				CLANG_WARN_UNREACHABLE_CODE = YES;
				CLANG_WARN__DUPLICATE_METHOD_MATCH = YES;
				"CODE_SIGN_IDENTITY[sdk=iphoneos*]" = "iPhone Developer";
				COPY_PHASE_STRIP = NO;
				DEBUG_INFORMATION_FORMAT = "dwarf-with-dsym";
				ENABLE_NS_ASSERTIONS = NO;
				ENABLE_STRICT_OBJC_MSGSEND = YES;
				GCC_C_LANGUAGE_STANDARD = gnu99;
				GCC_NO_COMMON_BLOCKS = YES;
				GCC_WARN_64_TO_32_BIT_CONVERSION = YES;
				GCC_WARN_ABOUT_RETURN_TYPE = YES_ERROR;
				GCC_WARN_UNDECLARED_SELECTOR = YES;
				GCC_WARN_UNINITIALIZED_AUTOS = YES_AGGRESSIVE;
				GCC_WARN_UNUSED_FUNCTION = YES;
				GCC_WARN_UNUSED_VARIABLE = YES;
				IPHONEOS_DEPLOYMENT_TARGET = 9.0;
				MTL_ENABLE_DEBUG_INFO = NO;
				SDKROOT = iphoneos;
				TARGETED_DEVICE_FAMILY = "1,2";
				VALIDATE_PRODUCT = YES;
			};
			name = Release;
		};
		2AAB3E8E1B63F4F800884596 /* Debug */ = {
			isa = XCBuildConfiguration;
			buildSettings = {
				ASSETCATALOG_COMPILER_APPICON_NAME = AppIcon;
				ASSETCATALOG_COMPILER_LAUNCHIMAGE_NAME = "LaunchImage-3";
				INFOPLIST_FILE = drank/Info.plist;
				IPHONEOS_DEPLOYMENT_TARGET = 8.0;
				LD_RUNPATH_SEARCH_PATHS = "$(inherited) @executable_path/Frameworks";
				PRODUCT_BUNDLE_IDENTIFIER = ldstreet.drank;
				PRODUCT_NAME = "$(TARGET_NAME)";
			};
			name = Debug;
		};
		2AAB3E8F1B63F4F800884596 /* Release */ = {
			isa = XCBuildConfiguration;
			buildSettings = {
				ASSETCATALOG_COMPILER_APPICON_NAME = AppIcon;
				ASSETCATALOG_COMPILER_LAUNCHIMAGE_NAME = "LaunchImage-3";
				INFOPLIST_FILE = drank/Info.plist;
				IPHONEOS_DEPLOYMENT_TARGET = 8.0;
				LD_RUNPATH_SEARCH_PATHS = "$(inherited) @executable_path/Frameworks";
				PRODUCT_BUNDLE_IDENTIFIER = ldstreet.drank;
				PRODUCT_NAME = "$(TARGET_NAME)";
			};
			name = Release;
		};
		2AAB3E911B63F4F800884596 /* Debug */ = {
			isa = XCBuildConfiguration;
			buildSettings = {
				BUNDLE_LOADER = "$(TEST_HOST)";
				INFOPLIST_FILE = drankTests/Info.plist;
				LD_RUNPATH_SEARCH_PATHS = "$(inherited) @executable_path/Frameworks @loader_path/Frameworks";
				PRODUCT_BUNDLE_IDENTIFIER = ldstreet.drankTests;
				PRODUCT_NAME = "$(TARGET_NAME)";
				TEST_HOST = "$(BUILT_PRODUCTS_DIR)/drank.app/drank";
			};
			name = Debug;
		};
		2AAB3E921B63F4F800884596 /* Release */ = {
			isa = XCBuildConfiguration;
			buildSettings = {
				BUNDLE_LOADER = "$(TEST_HOST)";
				INFOPLIST_FILE = drankTests/Info.plist;
				LD_RUNPATH_SEARCH_PATHS = "$(inherited) @executable_path/Frameworks @loader_path/Frameworks";
				PRODUCT_BUNDLE_IDENTIFIER = ldstreet.drankTests;
				PRODUCT_NAME = "$(TARGET_NAME)";
				TEST_HOST = "$(BUILT_PRODUCTS_DIR)/drank.app/drank";
			};
			name = Release;
		};
		2AAB3E941B63F4F800884596 /* Debug */ = {
			isa = XCBuildConfiguration;
			buildSettings = {
				INFOPLIST_FILE = drankUITests/Info.plist;
				LD_RUNPATH_SEARCH_PATHS = "$(inherited) @executable_path/Frameworks @loader_path/Frameworks";
				PRODUCT_BUNDLE_IDENTIFIER = ldstreet.drankUITests;
				PRODUCT_NAME = "$(TARGET_NAME)";
				TEST_TARGET_NAME = drank;
				USES_XCTRUNNER = YES;
			};
			name = Debug;
		};
		2AAB3E951B63F4F800884596 /* Release */ = {
			isa = XCBuildConfiguration;
			buildSettings = {
				INFOPLIST_FILE = drankUITests/Info.plist;
				LD_RUNPATH_SEARCH_PATHS = "$(inherited) @executable_path/Frameworks @loader_path/Frameworks";
				PRODUCT_BUNDLE_IDENTIFIER = ldstreet.drankUITests;
				PRODUCT_NAME = "$(TARGET_NAME)";
				TEST_TARGET_NAME = drank;
				USES_XCTRUNNER = YES;
			};
			name = Release;
		};
/* End XCBuildConfiguration section */

/* Begin XCConfigurationList section */
		2AAB3E5E1B63F4F700884596 /* Build configuration list for PBXProject "drank" */ = {
			isa = XCConfigurationList;
			buildConfigurations = (
				2AAB3E8B1B63F4F800884596 /* Debug */,
				2AAB3E8C1B63F4F800884596 /* Release */,
			);
			defaultConfigurationIsVisible = 0;
			defaultConfigurationName = Release;
		};
		2AAB3E8D1B63F4F800884596 /* Build configuration list for PBXNativeTarget "drank" */ = {
			isa = XCConfigurationList;
			buildConfigurations = (
				2AAB3E8E1B63F4F800884596 /* Debug */,
				2AAB3E8F1B63F4F800884596 /* Release */,
			);
			defaultConfigurationIsVisible = 0;
			defaultConfigurationName = Release;
		};
		2AAB3E901B63F4F800884596 /* Build configuration list for PBXNativeTarget "drankTests" */ = {
			isa = XCConfigurationList;
			buildConfigurations = (
				2AAB3E911B63F4F800884596 /* Debug */,
				2AAB3E921B63F4F800884596 /* Release */,
			);
			defaultConfigurationIsVisible = 0;
			defaultConfigurationName = Release;
		};
		2AAB3E931B63F4F800884596 /* Build configuration list for PBXNativeTarget "drankUITests" */ = {
			isa = XCConfigurationList;
			buildConfigurations = (
				2AAB3E941B63F4F800884596 /* Debug */,
				2AAB3E951B63F4F800884596 /* Release */,
			);
			defaultConfigurationIsVisible = 0;
			defaultConfigurationName = Release;
		};
/* End XCConfigurationList section */
	};
	rootObject = 2AAB3E5B1B63F4F700884596 /* Project object */;
}
